{
  "nodes": {
    "darwin": {
      "inputs": {
        "nixpkgs": [
          "nixpkgs"
        ]
      },
      "locked": {
        "lastModified": 1687517837,
        "narHash": "sha256-Ea+JTy6NSf+wWIFrgC8gnOnyt01xwmtDEn2KecvaBkg=",
        "owner": "lnl7",
        "repo": "nix-darwin",
        "rev": "6460468e7a3e1290f132fee4170ebeaa127f6f32",
        "type": "github"
      },
      "original": {
        "owner": "lnl7",
        "ref": "master",
        "repo": "nix-darwin",
        "type": "github"
      }
    },
    "home-manager": {
      "inputs": {
        "nixpkgs": [
          "nixpkgs"
        ]
      },
      "locked": {
        "lastModified": 1687627695,
        "narHash": "sha256-6Pu7nWb52PRtUmihwuDNShDmsZiXgtXR0OARtH4DSik=",
        "owner": "nix-community",
        "repo": "home-manager",
        "rev": "172d46d4b2677b32277d903bdf4cff77c2cc6477",
        "type": "github"
      },
      "original": {
        "owner": "nix-community",
        "repo": "home-manager",
        "type": "github"
      }
    },
    "nixpkgs": {
      "locked": {
        "lastModified": 1687502512,
        "narHash": "sha256-dBL/01TayOSZYxtY4cMXuNCBk8UMLoqRZA+94xiFpJA=",
        "owner": "nixos",
        "repo": "nixpkgs",
        "rev": "3ae20aa58a6c0d1ca95c9b11f59a2d12eebc511f",
        "type": "github"
      },
      "original": {
        "owner": "nixos",
        "ref": "nixos-unstable",
        "repo": "nixpkgs",
        "type": "github"
      }
    },
    "root": {
      "inputs": {
        "darwin": "darwin",
        "home-manager": "home-manager",
        "nixpkgs": "nixpkgs"
      }
    }
  },
  "root": "root",
  "version": 7
}
